// !$*UTF8*$!
{
	archiveVersion = 1;
	classes = {
	};
	objectVersion = 56;
	objects = {
		AB000001000000000000001 /* Project object */ = {
			isa = PBXProject;
			buildConfigurationList = AB000002000000000000001 /* Build configuration list for PBXProject "PetFinderApp_M1" */;
			compatibilityVersion = "Xcode 14.0";
			developmentRegion = en;
			hasScannedForEncodings = 0;
			knownRegions = (
				en,
				Base,
			);
			mainGroup = AB000003000000000000001;
			projectDirPath = "";
			projectRoot = "";
			targets = (
				AB000004000000000000001 /* PetFinderApp_M1 */,
			);
		};
		AB000002000000000000001 /* Build configuration list for PBXProject "PetFinderApp_M1" */ = {
			isa = XCConfigurationList;
			buildConfigurations = (
				AB000005000000000000001 /* Debug */,
				AB000006000000000000001 /* Release */,
			);
			defaultConfigurationIsVisible = 0;
			defaultConfigurationName = Release;
		};
		AB000003000000000000001 /* PetFinderApp_M1 */ = {
			isa = PBXGroup;
			children = (
				AB000007000000000000001 /* AppDelegate.swift */,
				AB000008000000000000001 /* Colors.swift */,
				AB000009000000000000001 /* MockData.swift */,
				AB000010000000000000001 /* CoreData */,
				AB000011000000000000001 /* Services */,
				AB000012000000000000001 /* ViewControllers */,
				AB000013000000000000001 /* Resources */,
				AB000014000000000000001 /* Info.plist */,
			);
			sourceTree = "<group>";
		};
		AB000004000000000000001 /* PetFinderApp_M1 */ = {
			isa = PBXNativeTarget;
			buildConfigurationList = AB000015000000000000001 /* Build configuration list for PBXNativeTarget "PetFinderApp_M1" */;
			buildPhases = (
				AB000016000000000000001 /* Sources */,
				AB000017000000000000001 /* Resources */,
			);
			buildRules = (
			);
			dependencies = (
			);
			name = PetFinderApp_M1;
			productName = PetFinderApp_M1;
			productReference = AB000018000000000000001 /* PetFinderApp_M1.app */;
			productType = "com.apple.product-type.application";
		};
		AB000005000000000000001 /* Debug */ = {
			isa = XCBuildConfiguration;
			buildSettings = {
				ALWAYS_SEARCH_USER_PATHS = NO;
				ASSETCATALOG_COMPILER_GENERATE_SWIFT_ASSET_SYMBOL_EXTENSIONS = YES;
				CLANG_ANALYZER_NONNULL = YES;
				CLANG_ANALYZER_NUMBER_OBJECT_CONVERSION = YES_AGGRESSIVE;
				CLANG_CXX_LANGUAGE_DIALECT = "c++20";
				CLANG_CXX_LIBRARY = "libc++";
				CLANG_ENABLE_MODULES = YES;
				CLANG_ENABLE_OBJC_ARC = YES;
				CLANG_WARN_BLOCK_CAPTURE_AUTORELEASING = YES;
				CLANG_WARN_BOOL_CONVERSION = YES;
				CLANG_WARN_COMMA = YES;
				CLANG_WARN_CONSTANT_CONVERSION = YES;
				CLANG_WARN_DEPRECATED_OBJC_IMPLEMENTATIONS = YES;
				CLANG_WARN_DIRECT_OBJC_ISA_USAGE = YES_ERROR;
				CLANG_WARN_DOCUMENTATION_COMMENTS = YES;
				CLANG_WARN_EMPTY_BODY = YES;
				CLANG_WARN_ENUM_CONVERSION = YES;
				CLANG_WARN_INFINITE_RECURSION = YES;
				CLANG_WARN_INT_CONVERSION = YES;
				CLANG_WARN_NON_LITERAL_NULL_CONVERSION = YES;
				CLANG_WARN_OBJC_IMPLICIT_RETAIN_SELF = YES;
				CLANG_WARN_OBJC_LITERAL_CONVERSION = YES;
				CLANG_WARN_OBJC_ROOT_CLASS = YES_ERROR;
				CLANG_WARN_QUOTED_INCLUDE_IN_FRAMEWORK_HEADER = YES;
				CLANG_WARN_RANGE_LOOP_ANALYSIS = YES;
				CLANG_WARN_STRICT_PROTOTYPES = YES;
				CLANG_WARN_SUSPICIOUS_MOVE = YES;
				CLANG_WARN_SUSPICIOUS_IMPLICIT_CONVERSION = YES;
				CLANG_WARN_UNREACHABLE_CODE = YES;
				CLANG_WARN__DUPLICATE_METHOD_MATCH = YES;
				COPY_PHASE_STRIP = NO;
				DEBUG_INFORMATION_FORMAT = dwarf;
				ENABLE_STRICT_OBJC_MSGSEND = YES;
				ENABLE_TESTABILITY = YES;
				ENABLE_USER_SCRIPT_SANDBOXING = YES;
				GCC_C_LANGUAGE_DIALECT = gnu17;
				GCC_DYNAMIC_NO_PIC = NO;
				GCC_NO_COMMON_BLOCKS = YES;
				GCC_OPTIMIZATION_LEVEL = 0;
				GCC_PREPROCESSOR_DEFINITIONS = (
					"DEBUG=1",
					"$(inherited)",
				);
				GCC_WARN_64_TO_32_BIT_CONVERSION = YES;
				GCC_WARN_ABOUT_RETURN_TYPE = YES_ERROR;
				GCC_WARN_UNDECLARED_SELECTOR = YES;
				GCC_WARN_UNINITIALIZED_VARS = YES;
				GCC_WARN_UNUSED_FUNCTION = YES;
				GCC_WARN_UNUSED_VARIABLE = YES;
				IPHONEOS_DEPLOYMENT_TARGET = 14.0;
				LOCALIZATION_PREFERS_STRING_CATALOGS = YES;
				MTL_ENABLE_DEBUG_INFO = INCLUDE_SOURCE;
				MTL_FAST_MATH = YES;
				ONLY_ACTIVE_ARCH = YES;
				SDKROOT = iphoneos;
				SWIFT_ACTIVE_COMPILATION_CONDITIONS = "DEBUG $(inherited)";
				SWIFT_OPTIMIZATION_LEVEL = "-Onone";
			};
			name = Debug;
		};
		AB000006000000000000001 /* Release */ = {
			isa = XCBuildConfiguration;
			buildSettings = {
				ALWAYS_SEARCH_USER_PATHS = NO;
				ASSETCATALOG_COMPILER_GENERATE_SWIFT_ASSET_SYMBOL_EXTENSIONS = YES;
				CLANG_ANALYZER_NONNULL = YES;
				CLANG_ANALYZER_NUMBER_OBJECT_CONVERSION = YES_AGGRESSIVE;
				CLANG_CXX_LANGUAGE_DIALECT = "c++20";
				CLANG_CXX_LIBRARY = "libc++";
				CLANG_ENABLE_MODULES = YES;
				CLANG_ENABLE_OBJC_ARC = YES;
				CLANG_WARN_BLOCK_CAPTURE_AUTORELEASING = YES;
				CLANG_WARN_BOOL_CONVERSION = YES;
				CLANG_WARN_COMMA = YES;
				CLANG_WARN_CONSTANT_CONVERSION = YES;
				CLANG_WARN_DEPRECATED_OBJC_IMPLEMENTATIONS = YES;
				CLANG_WARN_DIRECT_OBJC_ISA_USAGE = YES_ERROR;
				CLANG_WARN_DOCUMENTATION_COMMENTS = YES;
				CLANG_WARN_EMPTY_BODY = YES;
				CLANG_WARN_ENUM_CONVERSION = YES;
				CLANG_WARN_INFINITE_RECURSION = YES;
				CLANG_WARN_INT_CONVERSION = YES;
				CLANG_WARN_NON_LITERAL_NULL_CONVERSION = YES;
				CLANG_WARN_OBJC_IMPLICIT_RETAIN_SELF = YES;
				CLANG_WARN_OBJC_LITERAL_CONVERSION = YES;
				CLANG_WARN_OBJC_ROOT_CLASS = YES_ERROR;
				CLANG_WARN_QUOTED_INCLUDE_IN_FRAMEWORK_HEADER = YES;
				CLANG_WARN_RANGE_LOOP_ANALYSIS = YES;
				CLANG_WARN_STRICT_PROTOTYPES = YES;
				CLANG_WARN_SUSPICIOUS_MOVE = YES;
				CLANG_WARN_SUSPICIOUS_IMPLICIT_CONVERSION = YES;
				CLANG_WARN_UNREACHABLE_CODE = YES;
				CLANG_WARN__DUPLICATE_METHOD_MATCH = YES;
				COPY_PHASE_STRIP = NO;
				DEBUG_INFORMATION_FORMAT = "dwarf-with-dsym";
				ENABLE_NS_ASSERTIONS = NO;
				ENABLE_STRICT_OBJC_MSGSEND = YES;
				ENABLE_USER_SCRIPT_SANDBOXING = YES;
				GCC_C_LANGUAGE_DIALECT = gnu17;
				GCC_NO_COMMON_BLOCKS = YES;
				GCC_OPTIMIZATION_LEVEL = s;
				GCC_WARN_64_TO_32_BIT_CONVERSION = YES;
				GCC_WARN_ABOUT_RETURN_TYPE = YES_ERROR;
				GCC_WARN_UNDECLARED_SELECTOR = YES;
				GCC_WARN_UNINITIALIZED_VARS = YES;
				GCC_WARN_UNUSED_FUNCTION = YES;
				GCC_WARN_UNUSED_VARIABLE = YES;
				IPHONEOS_DEPLOYMENT_TARGET = 14.0;
				LOCALIZATION_PREFERS_STRING_CATALOGS = YES;
				MTL_ENABLE_DEBUG_INFO = NO;
				MTL_FAST_MATH = YES;
				SDKROOT = iphoneos;
				SWIFT_COMPILATION_MODE = wholemodule;
				SWIFT_OPTIMIZATION_LEVEL = "-O";
				VALIDATE_PRODUCT = YES;
			};
			name = Release;
		};
		AB000015000000000000001 /* Build configuration list for PBXNativeTarget "PetFinderApp_M1" */ = {
			isa = XCConfigurationList;
			buildConfigurations = (
				AB000019000000000000001 /* Debug */,
				AB000020000000000000001 /* Release */,
			);
			defaultConfigurationIsVisible = 0;
			defaultConfigurationName = Release;
		};
		AB000019000000000000001 /* Debug */ = {
			isa = XCBuildConfiguration;
			buildSettings = {
				ASSETCATALOG_COMPILER_APPICON_NAME = AppIcon;
				ASSETCATALOG_COMPILER_GLOBAL_ACCENT_COLOR_NAME = AccentColor;
				CODE_SIGN_STYLE = Automatic;
				CURRENT_PROJECT_VERSION = 1;
				DEVELOPMENT_TEAM = "";
				GENERATE_INFOPLIST_FILE = YES;
				INFOPLIST_FILE = PetFinderApp_M1/Info.plist;
				INFOPLIST_KEY_NSLocationWhenInUseUsageDescription = "A aplicação necessita de acesso à sua localização para encontrar animais próximos.";
				INFOPLIST_KEY_NSUserNotificationUsageDescription = "A aplicação deseja enviar-lhe notificações sobre novos animais.";
				INFOPLIST_KEY_UIApplicationSupportsIndirectInputEvents = YES;
				INFOPLIST_KEY_UILaunchStoryboardName = LaunchScreen;
				INFOPLIST_KEY_UISupportedInterfaceOrientations = UIInterfaceOrientationPortrait;
				INFOPLIST_KEY_UISupportedInterfaceOrientations_iPad = "UIInterfaceOrientationLandscapeLeft UIInterfaceOrientationLandscapeRight UIInterfaceOrientationPortrait UIInterfaceOrientationPortraitUpsideDown";
				IPHONEOS_DEPLOYMENT_TARGET = 14.0;
				LD_RUNPATH_SEARCH_PATHS = "$(inherited) @executable_path/Frameworks";
				MARKETING_VERSION = 1.0;
				PRODUCT_BUNDLE_IDENTIFIER = com.petfinder.app;
				PRODUCT_NAME = "$(TARGET_NAME)";
				SWIFT_EMIT_LOC_STRINGS = YES;
				SWIFT_VERSION = 5.0;
				TARGETED_DEVICE_FAMILY = 1;
			};
			name = Debug;
		};
		AB000020000000000000001 /* Release */ = {
			isa = XCBuildConfiguration;
			buildSettings = {
				ASSETCATALOG_COMPILER_APPICON_NAME = AppIcon;
				ASSETCATALOG_COMPILER_GLOBAL_ACCENT_COLOR_NAME = AccentColor;
				CODE_SIGN_STYLE = Automatic;
				CURRENT_PROJECT_VERSION = 1;
				DEVELOPMENT_TEAM = "";
				GENERATE_INFOPLIST_FILE = YES;
				INFOPLIST_FILE = PetFinderApp_M1/Info.plist;
				INFOPLIST_KEY_NSLocationWhenInUseUsageDescription = "A aplicação necessita de acesso à sua localização para encontrar animais próximos.";
				INFOPLIST_KEY_NSUserNotificationUsageDescription = "A aplicação deseja enviar-lhe notificações sobre novos animais.";
				INFOPLIST_KEY_UIApplicationSupportsIndirectInputEvents = YES;
				INFOPLIST_KEY_UILaunchStoryboardName = LaunchScreen;
				INFOPLIST_KEY_UISupportedInterfaceOrientations = UIInterfaceOrientationPortrait;
				INFOPLIST_KEY_UISupportedInterfaceOrientations_iPad = "UIInterfaceOrientationLandscapeLeft UIInterfaceOrientationLandscapeRight UIInterfaceOrientationPortrait UIInterfaceOrientationPortraitUpsideDown";
				IPHONEOS_DEPLOYMENT_TARGET = 14.0;
				LD_RUNPATH_SEARCH_PATHS = "$(inherited) @executable_path/Frameworks";
				MARKETING_VERSION = 1.0;
				PRODUCT_BUNDLE_IDENTIFIER = com.petfinder.app;
				PRODUCT_NAME = "$(TARGET_NAME)";
				SWIFT_EMIT_LOC_STRINGS = YES;
				SWIFT_VERSION = 5.0;
				TARGETED_DEVICE_FAMILY = 1;
			};
			name = Release;
		};
		AB000007000000000000001 /* AppDelegate.swift */ = {
			isa = PBXFileReference;
			lastKnownFileType = sourcecode.swift;
			path = AppDelegate.swift;
			sourceTree = "<group>";
		};
		AB000008000000000000001 /* Colors.swift */ = {
			isa = PBXFileReference;
			lastKnownFileType = sourcecode.swift;
			path = Colors.swift;
			sourceTree = "<group>";
		};
		AB000009000000000000001 /* MockData.swift */ = {
			isa = PBXFileReference;
			lastKnownFileType = sourcecode.swift;
			path = MockData.swift;
			sourceTree = "<group>";
		};
		AB000010000000000000001 /* CoreData */ = {
			isa = PBXGroup;
			children = (
				AB000021000000000000001 /* CoreDataManager.swift */,
				AB000022000000000000001 /* PetFinderDataModel.xcdatamodel */,
			);
			path = CoreData;
			sourceTree = "<group>";
		};
		AB000011000000000000001 /* Services */ = {
			isa = PBXGroup;
			children = (
				AB000023000000000000001 /* NotificationService.swift */,
			);
			path = Services;
			sourceTree = "<group>";
		};
		AB000012000000000000001 /* ViewControllers */ = {
			isa = PBXGroup;
			children = (
				AB000024000000000000001 /* AnimalListViewController.swift */,
				AB000025000000000000001 /* FilterViewController.swift */,
				AB000026000000000000001 /* FollowingViewController.swift */,
				AB000027000000000000001 /* AchievementsViewController.swift */,
				AB000028000000000000001 /* SettingsViewController.swift */,
			);
			path = ViewControllers;
			sourceTree = "<group>";
		};
		AB000013000000000000001 /* Resources */ = {
			isa = PBXGroup;
			children = (
				AB000029000000000000001 /* LaunchScreen.storyboard */,
			);
			path = Resources;
			sourceTree = "<group>";
		};
		AB000014000000000000001 /* Info.plist */ = {
			isa = PBXFileReference;
			lastKnownFileType = text.plist.xml;
			path = Info.plist;
			sourceTree = "<group>";
		};
		AB000016000000000000001 /* Sources */ = {
			isa = PBXBuildPhase;
			buildActionMask = 2147483647;
			files = (
				AB000030000000000000001 /* AppDelegate.swift in Sources */,
				AB000031000000000000001 /* Colors.swift in Sources */,
				AB000032000000000000001 /* MockData.swift in Sources */,
				AB000033000000000000001 /* CoreDataManager.swift in Sources */,
				AB000034000000000000001 /* NotificationService.swift in Sources */,
				AB000035000000000000001 /* AnimalListViewController.swift in Sources */,
				AB000036000000000000001 /* FilterViewController.swift in Sources */,
				AB000037000000000000001 /* FollowingViewController.swift in Sources */,
				AB000038000000000000001 /* AchievementsViewController.swift in Sources */,
				AB000039000000000000001 /* SettingsViewController.swift in Sources */,
			);
			runOnlyForDeploymentPostprocessing = 0;
		};
		AB000017000000000000001 /* Resources */ = {
			isa = PBXBuildPhase;
			buildActionMask = 2147483647;
			files = (
				AB000040000000000000001 /* LaunchScreen.storyboard in Resources */,
			);
			runOnlyForDeploymentPostprocessing = 0;
		};
		AB000021000000000000001 /* CoreDataManager.swift */ = {
			isa = PBXFileReference;
			lastKnownFileType = sourcecode.swift;
			path = CoreDataManager.swift;
			sourceTree = "<group>";
		};
		AB000022000000000000001 /* PetFinderDataModel.xcdatamodel */ = {
			isa = PBXFileReference;
			lastKnownFileType = wrapper.xcdatamodel;
			path = PetFinderDataModel.xcdatamodel;
			sourceTree = "<group>";
		};
		AB000023000000000000001 /* NotificationService.swift */ = {
			isa = PBXFileReference;
			lastKnownFileType = sourcecode.swift;
			path = NotificationService.swift;
			sourceTree = "<group>";
		};
		AB000024000000000000001 /* AnimalListViewController.swift */ = {
			isa = PBXFileReference;
			lastKnownFileType = sourcecode.swift;
			path = AnimalListViewController.swift;
			sourceTree = "<group>";
		};
		AB000025000000000000001 /* FilterViewController.swift */ = {
			isa = PBXFileReference;
			lastKnownFileType = sourcecode.swift;
			path = FilterViewController.swift;
			sourceTree = "<group>";
		};
		AB000026000000000000001 /* FollowingViewController.swift */ = {
			isa = PBXFileReference;
			lastKnownFileType = sourcecode.swift;
			path = FollowingViewController.swift;
			sourceTree = "<group>";
		};
		AB000027000000000000001 /* AchievementsViewController.swift */ = {
			isa = PBXFileReference;
			lastKnownFileType = sourcecode.swift;
			path = AchievementsViewController.swift;
			sourceTree = "<group>";
		};
		AB000028000000000000001 /* SettingsViewController.swift */ = {
			isa = PBXFileReference;
			lastKnownFileType = sourcecode.swift;
			path = SettingsViewController.swift;
			sourceTree = "<group>";
		};
		AB000029000000000000001 /* LaunchScreen.storyboard */ = {
			isa = PBXFileReference;
			lastKnownFileType = file.storyboard;
			path = LaunchScreen.storyboard;
			sourceTree = "<group>";
		};
		AB000018000000000000001 /* PetFinderApp_M1.app */ = {
			isa = PBXFileReference;
			explicitFileType = "compiled.mach-o.executable";
			includeInIndex = 0;
			path = PetFinderApp_M1.app;
			sourceTree = BUILT_PRODUCTS_DIR;
		};
		AB000030000000000000001 /* AppDelegate.swift in Sources */ = {
			isa = PBXBuildFile;
			fileRef = AB000007000000000000001;
		};
		AB000031000000000000001 /* Colors.swift in Sources */ = {
			isa = PBXBuildFile;
			fileRef = AB000008000000000000001;
		};
		AB000032000000000000001 /* MockData.swift in Sources */ = {
			isa = PBXBuildFile;
			fileRef = AB000009000000000000001;
		};
		AB000033000000000000001 /* CoreDataManager.swift in Sources */ = {
			isa = PBXBuildFile;
			fileRef = AB000021000000000000001;
		};
		AB000034000000000000001 /* NotificationService.swift in Sources */ = {
			isa = PBXBuildFile;
			fileRef = AB000023000000000000001;
		};
		AB000035000000000000001 /* AnimalListViewController.swift in Sources */ = {
			isa = PBXBuildFile;
			fileRef = AB000024000000000000001;
		};
		AB000036000000000000001 /* FilterViewController.swift in Sources */ = {
			isa = PBXBuildFile;
			fileRef = AB000025000000000000001;
		};
		AB000037000000000000001 /* FollowingViewController.swift in Sources */ = {
			isa = PBXBuildFile;
			fileRef = AB000026000000000000001;
		};
		AB000038000000000000001 /* AchievementsViewController.swift in Sources */ = {
			isa = PBXBuildFile;
			fileRef = AB000027000000000000001;
		};
		AB000039000000000000001 /* SettingsViewController.swift in Sources */ = {
			isa = PBXBuildFile;
			fileRef = AB000028000000000000001;
		};
		AB000040000000000000001 /* LaunchScreen.storyboard in Resources */ = {
			isa = PBXBuildFile;
			fileRef = AB000029000000000000001;
		};
	};
	rootObject = AB000001000000000000001 /* Project object */;
}
